
Microsoft Visual Studio Solution File, Format Version 12.00
# Visual Studio Version 16
VisualStudioVersion = 16.0.31729.503
MinimumVisualStudioVersion = 10.0.40219.1
Project("{FAE04EC0-301F-11D3-BF4B-00C04F79EFBC}") = "Swarm", "Swarm\Swarm.csproj", "{FD719FC3-7340-4A97-820A-46BB8A3E940F}"
EndProject
Global
	GlobalSection(SolutionConfigurationPlatforms) = preSolution
		Debug|Any CPU = Debug|Any CPU
		Release|Any CPU = Release|Any CPU
	EndGlobalSection
	GlobalSection(ProjectConfigurationPlatforms) = postSolution
		{FD719FC3-7340-4A97-820A-46BB8A3E940F}.Debug|Any CPU.ActiveCfg = Debug|Any CPU
		{FD719FC3-7340-4A97-820A-46BB8A3E940F}.Debug|Any CPU.Build.0 = Debug|Any CPU
		{FD719FC3-7340-4A97-820A-46BB8A3E940F}.Release|Any CPU.ActiveCfg = Release|Any CPU
		{FD719FC3-7340-4A97-820A-46BB8A3E940F}.Release|Any CPU.Build.0 = Release|Any CPU
	EndGlobalSection
	GlobalSection(SolutionProperties) = preSolution
		HideSolutionNode = FALSE
	EndGlobalSection
	GlobalSection(ExtensibilityGlobals) = postSolution
		SolutionGuid = {F9E57657-69C4-406B-AC55-5B5B25C55CBF}
	EndGlobalSection
EndGlobal
